// !$*UTF8*$!
{
	archiveVersion = 1;
	classes = {
	};
	objectVersion = 56;
	objects = {

/* Begin PBXBuildFile section */
		2AC91F4B2C45B96B00087457 /* LegacyConnectToNetwork.swift in Sources */ = {isa = PBXBuildFile; fileRef = 2AC91F4A2C45B96B00087457 /* LegacyConnectToNetwork.swift */; };
		2AE82B912BFBF629006DF43B /* Network.swift in Sources */ = {isa = PBXBuildFile; fileRef = 2AE82B902BFBF629006DF43B /* Network.swift */; };
		2AE82B932BFBF67C006DF43B /* NetworkDetailFeature.swift in Sources */ = {isa = PBXBuildFile; fileRef = 2AE82B922BFBF67C006DF43B /* NetworkDetailFeature.swift */; };
		4B2E62142BFBF79500261C0F /* ConnectToNetworkFeature.swift in Sources */ = {isa = PBXBuildFile; fileRef = 4B2E62132BFBF79500261C0F /* ConnectToNetworkFeature.swift */; };
		4B2E62162BFBF88300261C0F /* WiFiSettingsFeature.swift in Sources */ = {isa = PBXBuildFile; fileRef = 4B2E62152BFBF88300261C0F /* WiFiSettingsFeature.swift */; };
		DC93432A2BFBDE4600E0797C /* WiFiSettingsApp.swift in Sources */ = {isa = PBXBuildFile; fileRef = DC9343292BFBDE4600E0797C /* WiFiSettingsApp.swift */; };
		DC93432E2BFBDE4800E0797C /* Assets.xcassets in Resources */ = {isa = PBXBuildFile; fileRef = DC93432D2BFBDE4800E0797C /* Assets.xcassets */; };
		DC9343312BFBDE4800E0797C /* Preview Assets.xcassets in Resources */ = {isa = PBXBuildFile; fileRef = DC9343302BFBDE4800E0797C /* Preview Assets.xcassets */; };
		DC9343562BFBDEA600E0797C /* UIKitNavigation in Frameworks */ = {isa = PBXBuildFile; productRef = DC9343552BFBDEA600E0797C /* UIKitNavigation */; };
/* End PBXBuildFile section */

/* Begin PBXFileReference section */
		2AC91F4A2C45B96B00087457 /* LegacyConnectToNetwork.swift */ = {isa = PBXFileReference; lastKnownFileType = sourcecode.swift; path = LegacyConnectToNetwork.swift; sourceTree = "<group>"; };
		2AE82B902BFBF629006DF43B /* Network.swift */ = {isa = PBXFileReference; lastKnownFileType = sourcecode.swift; path = Network.swift; sourceTree = "<group>"; };
		2AE82B922BFBF67C006DF43B /* NetworkDetailFeature.swift */ = {isa = PBXFileReference; lastKnownFileType = sourcecode.swift; path = NetworkDetailFeature.swift; sourceTree = "<group>"; };
		4B2E62132BFBF79500261C0F /* ConnectToNetworkFeature.swift */ = {isa = PBXFileReference; lastKnownFileType = sourcecode.swift; path = ConnectToNetworkFeature.swift; sourceTree = "<group>"; };
		4B2E62152BFBF88300261C0F /* WiFiSettingsFeature.swift */ = {isa = PBXFileReference; lastKnownFileType = sourcecode.swift; path = WiFiSettingsFeature.swift; sourceTree = "<group>"; };
		DC9343262BFBDE4600E0797C /* WiFiSettings.app */ = {isa = PBXFileReference; explicitFileType = wrapper.application; includeInIndex = 0; path = WiFiSettings.app; sourceTree = BUILT_PRODUCTS_DIR; };
		DC9343292BFBDE4600E0797C /* WiFiSettingsApp.swift */ = {isa = PBXFileReference; lastKnownFileType = sourcecode.swift; path = WiFiSettingsApp.swift; sourceTree = "<group>"; };
		DC93432D2BFBDE4800E0797C /* Assets.xcassets */ = {isa = PBXFileReference; lastKnownFileType = folder.assetcatalog; path = Assets.xcassets; sourceTree = "<group>"; };
		DC9343302BFBDE4800E0797C /* Preview Assets.xcassets */ = {isa = PBXFileReference; lastKnownFileType = folder.assetcatalog; path = "Preview Assets.xcassets"; sourceTree = "<group>"; };
		DC9343532BFBDE8D00E0797C /* swiftui-navigation */ = {isa = PBXFileReference; lastKnownFileType = wrapper; path = "swiftui-navigation"; sourceTree = "<group>"; };
/* End PBXFileReference section */

/* Begin PBXFrameworksBuildPhase section */
		DC9343232BFBDE4600E0797C /* Frameworks */ = {
			isa = PBXFrameworksBuildPhase;
			buildActionMask = 2147483647;
			files = (
				DC9343562BFBDEA600E0797C /* UIKitNavigation in Frameworks */,
			);
			runOnlyForDeploymentPostprocessing = 0;
		};
/* End PBXFrameworksBuildPhase section */

/* Begin PBXGroup section */
		DC93431D2BFBDE4600E0797C = {
			isa = PBXGroup;
			children = (
				DC9343282BFBDE4600E0797C /* WiFiSettings */,
				DC9343272BFBDE4600E0797C /* Products */,
				DC9343542BFBDEA600E0797C /* Frameworks */,
				DC9343532BFBDE8D00E0797C /* swiftui-navigation */,
			);
			sourceTree = "<group>";
		};
		DC9343272BFBDE4600E0797C /* Products */ = {
			isa = PBXGroup;
			children = (
				DC9343262BFBDE4600E0797C /* WiFiSettings.app */,
			);
			name = Products;
			sourceTree = "<group>";
		};
		DC9343282BFBDE4600E0797C /* WiFiSettings */ = {
			isa = PBXGroup;
			children = (
				4B2E62132BFBF79500261C0F /* ConnectToNetworkFeature.swift */,
				2AC91F4A2C45B96B00087457 /* LegacyConnectToNetwork.swift */,
				2AE82B902BFBF629006DF43B /* Network.swift */,
				2AE82B922BFBF67C006DF43B /* NetworkDetailFeature.swift */,
				DC9343292BFBDE4600E0797C /* WiFiSettingsApp.swift */,
				4B2E62152BFBF88300261C0F /* WiFiSettingsFeature.swift */,
				DC93432D2BFBDE4800E0797C /* Assets.xcassets */,
				DC93432F2BFBDE4800E0797C /* Preview Content */,
			);
			path = WiFiSettings;
			sourceTree = "<group>";
		};
		DC93432F2BFBDE4800E0797C /* Preview Content */ = {
			isa = PBXGroup;
			children = (
				DC9343302BFBDE4800E0797C /* Preview Assets.xcassets */,
			);
			path = "Preview Content";
			sourceTree = "<group>";
		};
		DC9343542BFBDEA600E0797C /* Frameworks */ = {
			isa = PBXGroup;
			children = (
			);
			name = Frameworks;
			sourceTree = "<group>";
		};
/* End PBXGroup section */

/* Begin PBXNativeTarget section */
		DC9343252BFBDE4600E0797C /* WiFiSettings */ = {
			isa = PBXNativeTarget;
			buildConfigurationList = DC93434A2BFBDE4800E0797C /* Build configuration list for PBXNativeTarget "WiFiSettings" */;
			buildPhases = (
				DC9343222BFBDE4600E0797C /* Sources */,
				DC9343232BFBDE4600E0797C /* Frameworks */,
				DC9343242BFBDE4600E0797C /* Resources */,
			);
			buildRules = (
			);
			dependencies = (
			);
			name = WiFiSettings;
			packageProductDependencies = (
				DC9343552BFBDEA600E0797C /* UIKitNavigation */,
			);
			productName = WiFiSettings;
			productReference = DC9343262BFBDE4600E0797C /* WiFiSettings.app */;
			productType = "com.apple.product-type.application";
		};
/* End PBXNativeTarget section */

/* Begin PBXProject section */
		DC93431E2BFBDE4600E0797C /* Project object */ = {
			isa = PBXProject;
			attributes = {
				BuildIndependentTargetsInParallel = 1;
				LastSwiftUpdateCheck = 1540;
				LastUpgradeCheck = 1540;
				TargetAttributes = {
					DC9343252BFBDE4600E0797C = {
						CreatedOnToolsVersion = 15.4;
					};
				};
			};
			buildConfigurationList = DC9343212BFBDE4600E0797C /* Build configuration list for PBXProject "WiFiSettings" */;
			compatibilityVersion = "Xcode 14.0";
			developmentRegion = en;
			hasScannedForEncodings = 0;
			knownRegions = (
				en,
				Base,
			);
			mainGroup = DC93431D2BFBDE4600E0797C;
			productRefGroup = DC9343272BFBDE4600E0797C /* Products */;
			projectDirPath = "";
			projectRoot = "";
			targets = (
				DC9343252BFBDE4600E0797C /* WiFiSettings */,
			);
		};
/* End PBXProject section */

/* Begin PBXResourcesBuildPhase section */
		DC9343242BFBDE4600E0797C /* Resources */ = {
			isa = PBXResourcesBuildPhase;
			buildActionMask = 2147483647;
			files = (
				DC9343312BFBDE4800E0797C /* Preview Assets.xcassets in Resources */,
				DC93432E2BFBDE4800E0797C /* Assets.xcassets in Resources */,
			);
			runOnlyForDeploymentPostprocessing = 0;
		};
/* End PBXResourcesBuildPhase section */

/* Begin PBXSourcesBuildPhase section */
		DC9343222BFBDE4600E0797C /* Sources */ = {
			isa = PBXSourcesBuildPhase;
			buildActionMask = 2147483647;
			files = (
				2AE82B912BFBF629006DF43B /* Network.swift in Sources */,
				DC93432A2BFBDE4600E0797C /* WiFiSettingsApp.swift in Sources */,
				4B2E62162BFBF88300261C0F /* WiFiSettingsFeature.swift in Sources */,
				2AE82B932BFBF67C006DF43B /* NetworkDetailFeature.swift in Sources */,
				4B2E62142BFBF79500261C0F /* ConnectToNetworkFeature.swift in Sources */,
				2AC91F4B2C45B96B00087457 /* LegacyConnectToNetwork.swift in Sources */,
			);
			runOnlyForDeploymentPostprocessing = 0;
		};
/* End PBXSourcesBuildPhase section */

/* Begin XCBuildConfiguration section */
		DC9343482BFBDE4800E0797C /* Debug */ = {
			isa = XCBuildConfiguration;
			buildSettings = {
				ALWAYS_SEARCH_USER_PATHS = NO;
				ASSETCATALOG_COMPILER_GENERATE_SWIFT_ASSET_SYMBOL_EXTENSIONS = YES;
				CLANG_ANALYZER_NONNULL = YES;
				CLANG_ANALYZER_NUMBER_OBJECT_CONVERSION = YES_AGGRESSIVE;
				CLANG_CXX_LANGUAGE_STANDARD = "gnu++20";
				CLANG_ENABLE_MODULES = YES;
				CLANG_ENABLE_OBJC_ARC = YES;
				CLANG_ENABLE_OBJC_WEAK = YES;
				CLANG_WARN_BLOCK_CAPTURE_AUTORELEASING = YES;
				CLANG_WARN_BOOL_CONVERSION = YES;
				CLANG_WARN_COMMA = YES;
				CLANG_WARN_CONSTANT_CONVERSION = YES;
				CLANG_WARN_DEPRECATED_OBJC_IMPLEMENTATIONS = YES;
				CLANG_WARN_DIRECT_OBJC_ISA_USAGE = YES_ERROR;
				CLANG_WARN_DOCUMENTATION_COMMENTS = YES;
				CLANG_WARN_EMPTY_BODY = YES;
				CLANG_WARN_ENUM_CONVERSION = YES;
				CLANG_WARN_INFINITE_RECURSION = YES;
				CLANG_WARN_INT_CONVERSION = YES;
				CLANG_WARN_NON_LITERAL_NULL_CONVERSION = YES;
				CLANG_WARN_OBJC_IMPLICIT_RETAIN_SELF = YES;
				CLANG_WARN_OBJC_LITERAL_CONVERSION = YES;
				CLANG_WARN_OBJC_ROOT_CLASS = YES_ERROR;
				CLANG_WARN_QUOTED_INCLUDE_IN_FRAMEWORK_HEADER = YES;
				CLANG_WARN_RANGE_LOOP_ANALYSIS = YES;
				CLANG_WARN_STRICT_PROTOTYPES = YES;
				CLANG_WARN_SUSPICIOUS_MOVE = YES;
				CLANG_WARN_UNGUARDED_AVAILABILITY = YES_AGGRESSIVE;
				CLANG_WARN_UNREACHABLE_CODE = YES;
				CLANG_WARN__DUPLICATE_METHOD_MATCH = YES;
				COPY_PHASE_STRIP = NO;
				DEBUG_INFORMATION_FORMAT = dwarf;
				ENABLE_STRICT_OBJC_MSGSEND = YES;
				ENABLE_TESTABILITY = YES;
				ENABLE_USER_SCRIPT_SANDBOXING = YES;
				GCC_C_LANGUAGE_STANDARD = gnu17;
				GCC_DYNAMIC_NO_PIC = NO;
				GCC_NO_COMMON_BLOCKS = YES;
				GCC_OPTIMIZATION_LEVEL = 0;
				GCC_PREPROCESSOR_DEFINITIONS = (
					"DEBUG=1",
					"$(inherited)",
				);
				GCC_WARN_64_TO_32_BIT_CONVERSION = YES;
				GCC_WARN_ABOUT_RETURN_TYPE = YES_ERROR;
				GCC_WARN_UNDECLARED_SELECTOR = YES;
				GCC_WARN_UNINITIALIZED_AUTOS = YES_AGGRESSIVE;
				GCC_WARN_UNUSED_FUNCTION = YES;
				GCC_WARN_UNUSED_VARIABLE = YES;
				IPHONEOS_DEPLOYMENT_TARGET = 16.0;
				LOCALIZATION_PREFERS_STRING_CATALOGS = YES;
				MTL_ENABLE_DEBUG_INFO = INCLUDE_SOURCE;
				MTL_FAST_MATH = YES;
				ONLY_ACTIVE_ARCH = YES;
				SDKROOT = iphoneos;
				SWIFT_ACTIVE_COMPILATION_CONDITIONS = "DEBUG $(inherited)";
				SWIFT_OPTIMIZATION_LEVEL = "-Onone";
				SWIFT_STRICT_CONCURRENCY = complete;
			};
			name = Debug;
		};
		DC9343492BFBDE4800E0797C /* Release */ = {
			isa = XCBuildConfiguration;
			buildSettings = {
				ALWAYS_SEARCH_USER_PATHS = NO;
				ASSETCATALOG_COMPILER_GENERATE_SWIFT_ASSET_SYMBOL_EXTENSIONS = YES;
				CLANG_ANALYZER_NONNULL = YES;
				CLANG_ANALYZER_NUMBER_OBJECT_CONVERSION = YES_AGGRESSIVE;
				CLANG_CXX_LANGUAGE_STANDARD = "gnu++20";
				CLANG_ENABLE_MODULES = YES;
				CLANG_ENABLE_OBJC_ARC = YES;
				CLANG_ENABLE_OBJC_WEAK = YES;
				CLANG_WARN_BLOCK_CAPTURE_AUTORELEASING = YES;
				CLANG_WARN_BOOL_CONVERSION = YES;
				CLANG_WARN_COMMA = YES;
				CLANG_WARN_CONSTANT_CONVERSION = YES;
				CLANG_WARN_DEPRECATED_OBJC_IMPLEMENTATIONS = YES;
				CLANG_WARN_DIRECT_OBJC_ISA_USAGE = YES_ERROR;
				CLANG_WARN_DOCUMENTATION_COMMENTS = YES;
				CLANG_WARN_EMPTY_BODY = YES;
				CLANG_WARN_ENUM_CONVERSION = YES;
				CLANG_WARN_INFINITE_RECURSION = YES;
				CLANG_WARN_INT_CONVERSION = YES;
				CLANG_WARN_NON_LITERAL_NULL_CONVERSION = YES;
				CLANG_WARN_OBJC_IMPLICIT_RETAIN_SELF = YES;
				CLANG_WARN_OBJC_LITERAL_CONVERSION = YES;
				CLANG_WARN_OBJC_ROOT_CLASS = YES_ERROR;
				CLANG_WARN_QUOTED_INCLUDE_IN_FRAMEWORK_HEADER = YES;
				CLANG_WARN_RANGE_LOOP_ANALYSIS = YES;
				CLANG_WARN_STRICT_PROTOTYPES = YES;
				CLANG_WARN_SUSPICIOUS_MOVE = YES;
				CLANG_WARN_UNGUARDED_AVAILABILITY = YES_AGGRESSIVE;
				CLANG_WARN_UNREACHABLE_CODE = YES;
				CLANG_WARN__DUPLICATE_METHOD_MATCH = YES;
				COPY_PHASE_STRIP = NO;
				DEBUG_INFORMATION_FORMAT = "dwarf-with-dsym";
				ENABLE_NS_ASSERTIONS = NO;
				ENABLE_STRICT_OBJC_MSGSEND = YES;
				ENABLE_USER_SCRIPT_SANDBOXING = YES;
				GCC_C_LANGUAGE_STANDARD = gnu17;
				GCC_NO_COMMON_BLOCKS = YES;
				GCC_WARN_64_TO_32_BIT_CONVERSION = YES;
				GCC_WARN_ABOUT_RETURN_TYPE = YES_ERROR;
				GCC_WARN_UNDECLARED_SELECTOR = YES;
				GCC_WARN_UNINITIALIZED_AUTOS = YES_AGGRESSIVE;
				GCC_WARN_UNUSED_FUNCTION = YES;
				GCC_WARN_UNUSED_VARIABLE = YES;
				IPHONEOS_DEPLOYMENT_TARGET = 16.0;
				LOCALIZATION_PREFERS_STRING_CATALOGS = YES;
				MTL_ENABLE_DEBUG_INFO = NO;
				MTL_FAST_MATH = YES;
				SDKROOT = iphoneos;
				SWIFT_COMPILATION_MODE = wholemodule;
				SWIFT_STRICT_CONCURRENCY = complete;
				VALIDATE_PRODUCT = YES;
			};
			name = Release;
		};
		DC93434B2BFBDE4800E0797C /* Debug */ = {
			isa = XCBuildConfiguration;
			buildSettings = {
				ASSETCATALOG_COMPILER_APPICON_NAME = AppIcon;
				ASSETCATALOG_COMPILER_GLOBAL_ACCENT_COLOR_NAME = AccentColor;
				CODE_SIGN_STYLE = Automatic;
				CURRENT_PROJECT_VERSION = 1;
				DEVELOPMENT_ASSET_PATHS = "\"WiFiSettings/Preview Content\"";
				ENABLE_PREVIEWS = YES;
				GENERATE_INFOPLIST_FILE = YES;
				INFOPLIST_KEY_UIApplicationSceneManifest_Generation = YES;
				INFOPLIST_KEY_UIApplicationSupportsIndirectInputEvents = YES;
				INFOPLIST_KEY_UILaunchScreen_Generation = YES;
				INFOPLIST_KEY_UISupportedInterfaceOrientations_iPad = "UIInterfaceOrientationPortrait UIInterfaceOrientationPortraitUpsideDown UIInterfaceOrientationLandscapeLeft UIInterfaceOrientationLandscapeRight";
				INFOPLIST_KEY_UISupportedInterfaceOrientations_iPhone = "UIInterfaceOrientationPortrait UIInterfaceOrientationLandscapeLeft UIInterfaceOrientationLandscapeRight";
				LD_RUNPATH_SEARCH_PATHS = (
					"$(inherited)",
					"@executable_path/Frameworks",
				);
				MARKETING_VERSION = 1.0;
				PRODUCT_BUNDLE_IDENTIFIER = co.pointfree.WiFiSettings;
				PRODUCT_NAME = "$(TARGET_NAME)";
				SWIFT_EMIT_LOC_STRINGS = YES;
				SWIFT_VERSION = 5.0;
				TARGETED_DEVICE_FAMILY = "1,2";
			};
			name = Debug;
		};
		DC93434C2BFBDE4800E0797C /* Release */ = {
			isa = XCBuildConfiguration;
			buildSettings = {
				ASSETCATALOG_COMPILER_APPICON_NAME = AppIcon;
				ASSETCATALOG_COMPILER_GLOBAL_ACCENT_COLOR_NAME = AccentColor;
				CODE_SIGN_STYLE = Automatic;
				CURRENT_PROJECT_VERSION = 1;
				DEVELOPMENT_ASSET_PATHS = "\"WiFiSettings/Preview Content\"";
				ENABLE_PREVIEWS = YES;
				GENERATE_INFOPLIST_FILE = YES;
				INFOPLIST_KEY_UIApplicationSceneManifest_Generation = YES;
				INFOPLIST_KEY_UIApplicationSupportsIndirectInputEvents = YES;
				INFOPLIST_KEY_UILaunchScreen_Generation = YES;
				INFOPLIST_KEY_UISupportedInterfaceOrientations_iPad = "UIInterfaceOrientationPortrait UIInterfaceOrientationPortraitUpsideDown UIInterfaceOrientationLandscapeLeft UIInterfaceOrientationLandscapeRight";
				INFOPLIST_KEY_UISupportedInterfaceOrientations_iPhone = "UIInterfaceOrientationPortrait UIInterfaceOrientationLandscapeLeft UIInterfaceOrientationLandscapeRight";
				LD_RUNPATH_SEARCH_PATHS = (
					"$(inherited)",
					"@executable_path/Frameworks",
				);
				MARKETING_VERSION = 1.0;
				PRODUCT_BUNDLE_IDENTIFIER = co.pointfree.WiFiSettings;
				PRODUCT_NAME = "$(TARGET_NAME)";
				SWIFT_EMIT_LOC_STRINGS = YES;
				SWIFT_VERSION = 5.0;
				TARGETED_DEVICE_FAMILY = "1,2";
			};
			name = Release;
		};
/* End XCBuildConfiguration section */

/* Begin XCConfigurationList section */
		DC9343212BFBDE4600E0797C /* Build configuration list for PBXProject "WiFiSettings" */ = {
			isa = XCConfigurationList;
			buildConfigurations = (
				DC9343482BFBDE4800E0797C /* Debug */,
				DC9343492BFBDE4800E0797C /* Release */,
			);
			defaultConfigurationIsVisible = 0;
			defaultConfigurationName = Release;
		};
		DC93434A2BFBDE4800E0797C /* Build configuration list for PBXNativeTarget "WiFiSettings" */ = {
			isa = XCConfigurationList;
			buildConfigurations = (
				DC93434B2BFBDE4800E0797C /* Debug */,
				DC93434C2BFBDE4800E0797C /* Release */,
			);
			defaultConfigurationIsVisible = 0;
			defaultConfigurationName = Release;
		};
/* End XCConfigurationList section */

/* Begin XCSwiftPackageProductDependency section */
		DC9343552BFBDEA600E0797C /* UIKitNavigation */ = {
			isa = XCSwiftPackageProductDependency;
			productName = UIKitNavigation;
		};
/* End XCSwiftPackageProductDependency section */
	};
	rootObject = DC93431E2BFBDE4600E0797C /* Project object */;
}
