{
  "object": {
    "pins": [
      {
        "package": "SwiftSyntax",
        "repositoryURL": "https://github.com/apple/swift-syntax.git",
        "state": {
          "branch": null,
          "revision": "f20c0bcbfb4b07e107c9851350217cb2217f0cb4",
          "version": "0.40200.0"
        }
      }
    ]
  },
  "version": 1
}
